
Microsoft Visual Studio Solution File, Format Version 12.00
# Visual Studio Version 17
VisualStudioVersion = 17.3.32819.101
MinimumVisualStudioVersion = 10.0.40219.1
Project("{FAE04EC0-301F-11D3-BF4B-00C04F79EFBC}") = "Mod14WebvbWorker", "Mod14WebvbWorker.csproj", "{0374A780-0949-47DC-A02A-93F8F33A05F2}"
EndProject
Global
	GlobalSection(SolutionConfigurationPlatforms) = preSolution
		Debug|Any CPU = Debug|Any CPU
		Release|Any CPU = Release|Any CPU
	EndGlobalSection
	GlobalSection(ProjectConfigurationPlatforms) = postSolution
		{0374A780-0949-47DC-A02A-93F8F33A05F2}.Debug|Any CPU.ActiveCfg = Debug|Any CPU
		{0374A780-0949-47DC-A02A-93F8F33A05F2}.Debug|Any CPU.Build.0 = Debug|Any CPU
		{0374A780-0949-47DC-A02A-93F8F33A05F2}.Release|Any CPU.ActiveCfg = Release|Any CPU
		{0374A780-0949-47DC-A02A-93F8F33A05F2}.Release|Any CPU.Build.0 = Release|Any CPU
	EndGlobalSection
	GlobalSection(SolutionProperties) = preSolution
		HideSolutionNode = FALSE
	EndGlobalSection
	GlobalSection(ExtensibilityGlobals) = postSolution
		SolutionGuid = {8E1B8A56-C465-41DC-B63A-BF9099393AD6}
	EndGlobalSection
EndGlobal
